
Microsoft Visual Studio Solution File, Format Version 11.00
# Visual Studio 2010
Project("{FAE04EC0-301F-11D3-BF4B-00C04F79EFBC}") = "Assembly-CSharp", "Assembly-CSharp.csproj", "{C18AEAD9-CB0E-11C6-BDA8-29805C3BA0B8}"
EndProject
Project("{FAE04EC0-301F-11D3-BF4B-00C04F79EFBC}") = "PlayFab", "PlayFab.csproj", "{B72E89DC-4052-6566-D939-88504645DBEE}"
EndProject
Project("{FAE04EC0-301F-11D3-BF4B-00C04F79EFBC}") = "PlayFabEditorExtensions", "PlayFabEditorExtensions.csproj", "{C9F69491-C200-C079-B666-926AC2062442}"
EndProject
Project("{FAE04EC0-301F-11D3-BF4B-00C04F79EFBC}") = "Assembly-CSharp-Editor", "Assembly-CSharp-Editor.csproj", "{C717C2E8-084B-02F5-FAFE-13170568F98C}"
EndProject
Project("{FAE04EC0-301F-11D3-BF4B-00C04F79EFBC}") = "PlayFabSDKEditor", "PlayFabSDKEditor.csproj", "{A254C0B4-A136-F5AD-8A6E-C12F0924C970}"
EndProject
Global
	GlobalSection(SolutionConfigurationPlatforms) = preSolution
		Debug|Any CPU = Debug|Any CPU
		Release|Any CPU = Release|Any CPU
	EndGlobalSection
	GlobalSection(ProjectConfigurationPlatforms) = postSolution
		{C18AEAD9-CB0E-11C6-BDA8-29805C3BA0B8}.Debug|Any CPU.ActiveCfg = Debug|Any CPU
		{C18AEAD9-CB0E-11C6-BDA8-29805C3BA0B8}.Debug|Any CPU.Build.0 = Debug|Any CPU
		{C18AEAD9-CB0E-11C6-BDA8-29805C3BA0B8}.Release|Any CPU.ActiveCfg = Release|Any CPU
		{C18AEAD9-CB0E-11C6-BDA8-29805C3BA0B8}.Release|Any CPU.Build.0 = Release|Any CPU
		{B72E89DC-4052-6566-D939-88504645DBEE}.Debug|Any CPU.ActiveCfg = Debug|Any CPU
		{B72E89DC-4052-6566-D939-88504645DBEE}.Debug|Any CPU.Build.0 = Debug|Any CPU
		{B72E89DC-4052-6566-D939-88504645DBEE}.Release|Any CPU.ActiveCfg = Release|Any CPU
		{B72E89DC-4052-6566-D939-88504645DBEE}.Release|Any CPU.Build.0 = Release|Any CPU
		{C9F69491-C200-C079-B666-926AC2062442}.Debug|Any CPU.ActiveCfg = Debug|Any CPU
		{C9F69491-C200-C079-B666-926AC2062442}.Debug|Any CPU.Build.0 = Debug|Any CPU
		{C9F69491-C200-C079-B666-926AC2062442}.Release|Any CPU.ActiveCfg = Release|Any CPU
		{C9F69491-C200-C079-B666-926AC2062442}.Release|Any CPU.Build.0 = Release|Any CPU
		{C717C2E8-084B-02F5-FAFE-13170568F98C}.Debug|Any CPU.ActiveCfg = Debug|Any CPU
		{C717C2E8-084B-02F5-FAFE-13170568F98C}.Debug|Any CPU.Build.0 = Debug|Any CPU
		{C717C2E8-084B-02F5-FAFE-13170568F98C}.Release|Any CPU.ActiveCfg = Release|Any CPU
		{C717C2E8-084B-02F5-FAFE-13170568F98C}.Release|Any CPU.Build.0 = Release|Any CPU
		{A254C0B4-A136-F5AD-8A6E-C12F0924C970}.Debug|Any CPU.ActiveCfg = Debug|Any CPU
		{A254C0B4-A136-F5AD-8A6E-C12F0924C970}.Debug|Any CPU.Build.0 = Debug|Any CPU
		{A254C0B4-A136-F5AD-8A6E-C12F0924C970}.Release|Any CPU.ActiveCfg = Release|Any CPU
		{A254C0B4-A136-F5AD-8A6E-C12F0924C970}.Release|Any CPU.Build.0 = Release|Any CPU
	EndGlobalSection
	GlobalSection(SolutionProperties) = preSolution
		HideSolutionNode = FALSE
	EndGlobalSection
EndGlobal
